
Microsoft Visual Studio Solution File, Format Version 12.00
# Visual Studio Version 17
VisualStudioVersion = 17.5.33414.496
MinimumVisualStudioVersion = 10.0.40219.1
Project("{FAE04EC0-301F-11D3-BF4B-00C04F79EFBC}") = "summatr", "summatr\summatr.csproj", "{EC63933F-0657-4116-ADA6-4C7DB1EC905C}"
EndProject
Global
	GlobalSection(SolutionConfigurationPlatforms) = preSolution
		Debug|Any CPU = Debug|Any CPU
		Release|Any CPU = Release|Any CPU
	EndGlobalSection
	GlobalSection(ProjectConfigurationPlatforms) = postSolution
		{EC63933F-0657-4116-ADA6-4C7DB1EC905C}.Debug|Any CPU.ActiveCfg = Debug|Any CPU
		{EC63933F-0657-4116-ADA6-4C7DB1EC905C}.Debug|Any CPU.Build.0 = Debug|Any CPU
		{EC63933F-0657-4116-ADA6-4C7DB1EC905C}.Release|Any CPU.ActiveCfg = Release|Any CPU
		{EC63933F-0657-4116-ADA6-4C7DB1EC905C}.Release|Any CPU.Build.0 = Release|Any CPU
	EndGlobalSection
	GlobalSection(SolutionProperties) = preSolution
		HideSolutionNode = FALSE
	EndGlobalSection
	GlobalSection(ExtensibilityGlobals) = postSolution
		SolutionGuid = {7A2D3679-3F36-4CBD-B7B1-9930222B329B}
	EndGlobalSection
EndGlobal
